
Microsoft Visual Studio Solution File, Format Version 12.00
# Visual Studio Version 16
VisualStudioVersion = 16.0.30011.22
MinimumVisualStudioVersion = 10.0.40219.1
Project("{9A19103F-16F7-4668-BE54-9A1E7A4F7556}") = "设计模式", "设计模式\设计模式.csproj", "{53162AD7-6E8C-4133-B301-6D5E93B014B3}"
EndProject
Project("{9A19103F-16F7-4668-BE54-9A1E7A4F7556}") = "策略模式", "策略模式\策略模式.csproj", "{583373FA-AE01-4A34-B87D-6DF13889BCA7}"
EndProject
Project("{9A19103F-16F7-4668-BE54-9A1E7A4F7556}") = "装饰模式", "装饰模式\装饰模式.csproj", "{CEE8CF00-8C74-41A6-BD3C-19519FEF9C83}"
EndProject
Project("{9A19103F-16F7-4668-BE54-9A1E7A4F7556}") = "访问权限修饰关键字", "访问权限修饰关键字\访问权限修饰关键字.csproj", "{BAA0649F-9289-473B-8C0E-38885784C297}"
EndProject
Project("{9A19103F-16F7-4668-BE54-9A1E7A4F7556}") = "装扮模式_小菜扮靓", "装扮模式_小菜扮靓\装扮模式_小菜扮靓.csproj", "{E5D5774D-DC37-40E7-8479-F621ABDAA7A4}"
EndProject
Project("{9A19103F-16F7-4668-BE54-9A1E7A4F7556}") = "代理模式_送礼物", "代理模式\代理模式_送礼物.csproj", "{B366FE62-C0DE-46B0-8B52-54F3DE3DF243}"
EndProject
Project("{9A19103F-16F7-4668-BE54-9A1E7A4F7556}") = "代理模式_GoF", "代理模式_GoF\代理模式_GoF.csproj", "{14E0E793-D127-4043-8DBC-373C29BA2A2E}"
EndProject
Project("{9A19103F-16F7-4668-BE54-9A1E7A4F7556}") = "简单工厂模式_计算器", "简单工厂模式_计算器\简单工厂模式_计算器.csproj", "{990C06EA-0758-42E6-A0AF-E7D09F25593C}"
EndProject
Project("{9A19103F-16F7-4668-BE54-9A1E7A4F7556}") = "简单工厂模式_学雷锋", "简单工厂模式_学雷锋\简单工厂模式_学雷锋.csproj", "{8AAD53BD-65B8-4EE2-A3A0-9279CFE1B55C}"
EndProject
Project("{9A19103F-16F7-4668-BE54-9A1E7A4F7556}") = "工厂方法模式_学雷锋", "工厂方法模式_学雷锋\工厂方法模式_学雷锋.csproj", "{F265770F-FFA9-4E1E-A35A-DD67E48C4C58}"
EndProject
Project("{9A19103F-16F7-4668-BE54-9A1E7A4F7556}") = "Base关键字理解", "Base关键字理解\Base关键字理解.csproj", "{11D437BB-3FFA-4592-B6D4-98D025DC3979}"
EndProject
Project("{9A19103F-16F7-4668-BE54-9A1E7A4F7556}") = "原型模式_发简历", "原型模式_发简历\原型模式_发简历.csproj", "{43754923-EFEC-45FF-977A-82DD4C96E175}"
EndProject
Project("{9A19103F-16F7-4668-BE54-9A1E7A4F7556}") = "原型模式(加入深复制)_发简历", "原型模式(加入深复制)_发简历\原型模式(加入深复制)_发简历.csproj", "{04EE7A10-C1B4-4922-8600-09A79B3128FD}"
EndProject
Project("{9A19103F-16F7-4668-BE54-9A1E7A4F7556}") = "模板方法模式_抄题写答案", "模板方法模式_抄题写答案\模板方法模式_抄题写答案.csproj", "{1C9B22FE-9347-4EB1-97A7-5C145DEBD15B}"
EndProject
Project("{9A19103F-16F7-4668-BE54-9A1E7A4F7556}") = "模板方法模式", "模板方法模式\模板方法模式.csproj", "{89A3EDC4-6BE6-44D1-A185-37BDA94BAE33}"
EndProject
Project("{9A19103F-16F7-4668-BE54-9A1E7A4F7556}") = "外观模式", "外观模式\外观模式.csproj", "{CC7E482B-8B10-4283-8233-4647C7B7475F}"
EndProject
Project("{9A19103F-16F7-4668-BE54-9A1E7A4F7556}") = "建造者模式", "建造者模式\建造者模式.csproj", "{C13B5F3F-3933-4EF6-BF6E-F9F42DC8C5D0}"
EndProject
Project("{9A19103F-16F7-4668-BE54-9A1E7A4F7556}") = "观察者模式_委托实现", "观察者模式_委托实现\观察者模式_委托实现.csproj", "{D3DC7752-6BDB-429A-A984-0D62B1D630CF}"
EndProject
Project("{9A19103F-16F7-4668-BE54-9A1E7A4F7556}") = "抽象工厂模式_利用反射规避switch语句实例化对象", "抽象工厂模式_利用反射规避switch语句实例化对象\抽象工厂模式_利用反射规避switch语句实例化对象.csproj", "{8488EB89-8C1C-4C84-9DA6-DBAFF26FA599}"
EndProject
Project("{9A19103F-16F7-4668-BE54-9A1E7A4F7556}") = "状态模式_加班案例", "状态模式_加班案例\状态模式_加班案例.csproj", "{24493C64-8396-42CD-AEF0-931B95419440}"
EndProject
Project("{9A19103F-16F7-4668-BE54-9A1E7A4F7556}") = "适配器模式", "适配器模式\适配器模式.csproj", "{7CA185B5-FED5-4E45-BBC3-FAF88CA4930E}"
EndProject
Project("{9A19103F-16F7-4668-BE54-9A1E7A4F7556}") = "适配器模式_NBA不会英语听战术", "适配器模式_NBA不会英语听战术\适配器模式_NBA不会英语听战术.csproj", "{D97111E8-643E-4CD5-A17C-F504220F7836}"
EndProject
Project("{9A19103F-16F7-4668-BE54-9A1E7A4F7556}") = "备忘录模式", "备忘录模式\备忘录模式.csproj", "{25E51646-972F-401F-B695-AF62B0941986}"
EndProject
Project("{9A19103F-16F7-4668-BE54-9A1E7A4F7556}") = "备忘录模式_游戏角色状态存档", "备忘录模式_游戏角色状态存档\备忘录模式_游戏角色状态存档.csproj", "{84757846-4365-4077-8419-C6A98FCB48A1}"
EndProject
Project("{9A19103F-16F7-4668-BE54-9A1E7A4F7556}") = "组合模式", "组合模式\组合模式.csproj", "{0022DE6F-3F4B-43C8-8406-6074BE7AB021}"
EndProject
Project("{9A19103F-16F7-4668-BE54-9A1E7A4F7556}") = "组合模式_公司管理系统", "组合模式_公司管理系统\组合模式_公司管理系统.csproj", "{604C88F1-8D11-4908-AC2F-DB5E53299754}"
EndProject
Project("{9A19103F-16F7-4668-BE54-9A1E7A4F7556}") = "迭代器模式", "迭代器模式\迭代器模式.csproj", "{75E08308-9717-41F9-A22E-8C9C97278B01}"
EndProject
Project("{9A19103F-16F7-4668-BE54-9A1E7A4F7556}") = "单例模式_饿汉懒汉单例", "单例模式_饿汉懒汉单例\单例模式_饿汉懒汉单例.csproj", "{3A99D41F-7361-4107-8383-916CE0257712}"
EndProject
Project("{9A19103F-16F7-4668-BE54-9A1E7A4F7556}") = "不要滥用继承_合成聚合复用原则", "不要滥用继承_合成聚合复用原则\不要滥用继承_合成聚合复用原则.csproj", "{10193D26-9A2A-4B79-A097-0A1FB7E11C63}"
EndProject
Project("{9A19103F-16F7-4668-BE54-9A1E7A4F7556}") = "桥接模式", "桥接模式\桥接模式.csproj", "{4D9564E5-5406-4293-AFDF-4154E22A8A96}"
EndProject
Project("{9A19103F-16F7-4668-BE54-9A1E7A4F7556}") = "命令模式", "命令模式\命令模式.csproj", "{AAFF674B-8ADC-4B58-9E5D-DD25868BE941}"
EndProject
Project("{9A19103F-16F7-4668-BE54-9A1E7A4F7556}") = "命令模式_烧烤店内情景", "命令模式_烧烤店内情景\命令模式_烧烤店内情景.csproj", "{643E0571-C7CD-4CB3-990C-363C79BEF801}"
EndProject
Project("{9A19103F-16F7-4668-BE54-9A1E7A4F7556}") = "责任链模式", "责任链模式\责任链模式.csproj", "{D9E38FA9-1650-467C-A31B-B112CD4D0B5C}"
EndProject
Project("{9A19103F-16F7-4668-BE54-9A1E7A4F7556}") = "责任链模式_加薪非要老总批", "责任链模式_加薪非要老总批\责任链模式_加薪非要老总批.csproj", "{631A038D-BEEF-40A1-9EC8-F344A221EFFF}"
EndProject
Project("{9A19103F-16F7-4668-BE54-9A1E7A4F7556}") = "中介者模式_迪米特法则(最少知识原则)", "中介者模式_迪米特法则(最少知识原则)\中介者模式_迪米特法则(最少知识原则).csproj", "{0945E301-3E0F-4E80-924A-833FC46E2DB4}"
EndProject
Project("{9A19103F-16F7-4668-BE54-9A1E7A4F7556}") = "中介者模式_联合国机构_安理会做中介", "中介者模式_联合国机构_安理会做中介\中介者模式_联合国机构_安理会做中介.csproj", "{A0AECCB4-178B-4F0F-BCB6-C77FE4D51456}"
EndProject
Project("{FAE04EC0-301F-11D3-BF4B-00C04F79EFBC}") = "享元模式", "享元模式\享元模式.csproj", "{3C33AE4B-D7D8-406C-AF12-793DD0CCAD6F}"
EndProject
Project("{FAE04EC0-301F-11D3-BF4B-00C04F79EFBC}") = "享元模式_内部状态与外部状态", "享元模式_内部状态与外部状态\享元模式_内部状态与外部状态.csproj", "{35B15306-0D84-4FCF-B3B8-5F5DF10DDE45}"
EndProject
Project("{FAE04EC0-301F-11D3-BF4B-00C04F79EFBC}") = "解释器模式", "解释器模式\解释器模式.csproj", "{3B88AB04-1BBE-4979-B6E3-E44706DD3ACC}"
EndProject
Project("{FAE04EC0-301F-11D3-BF4B-00C04F79EFBC}") = "访问者模式_男人和女人", "访问者模式_男人和女人\访问者模式_男人和女人.csproj", "{BDBBBECC-73B4-49CF-9CFB-B1E82E7A215A}"
EndProject
Project("{FAE04EC0-301F-11D3-BF4B-00C04F79EFBC}") = "访问者模式", "访问者模式\访问者模式.csproj", "{0710C052-59D4-450A-B135-475EC1753BBB}"
EndProject
Global
	GlobalSection(SolutionConfigurationPlatforms) = preSolution
		Debug|Any CPU = Debug|Any CPU
		Release|Any CPU = Release|Any CPU
	EndGlobalSection
	GlobalSection(ProjectConfigurationPlatforms) = postSolution
		{53162AD7-6E8C-4133-B301-6D5E93B014B3}.Debug|Any CPU.ActiveCfg = Debug|Any CPU
		{53162AD7-6E8C-4133-B301-6D5E93B014B3}.Debug|Any CPU.Build.0 = Debug|Any CPU
		{53162AD7-6E8C-4133-B301-6D5E93B014B3}.Release|Any CPU.ActiveCfg = Release|Any CPU
		{53162AD7-6E8C-4133-B301-6D5E93B014B3}.Release|Any CPU.Build.0 = Release|Any CPU
		{583373FA-AE01-4A34-B87D-6DF13889BCA7}.Debug|Any CPU.ActiveCfg = Debug|Any CPU
		{583373FA-AE01-4A34-B87D-6DF13889BCA7}.Debug|Any CPU.Build.0 = Debug|Any CPU
		{583373FA-AE01-4A34-B87D-6DF13889BCA7}.Release|Any CPU.ActiveCfg = Release|Any CPU
		{583373FA-AE01-4A34-B87D-6DF13889BCA7}.Release|Any CPU.Build.0 = Release|Any CPU
		{CEE8CF00-8C74-41A6-BD3C-19519FEF9C83}.Debug|Any CPU.ActiveCfg = Debug|Any CPU
		{CEE8CF00-8C74-41A6-BD3C-19519FEF9C83}.Debug|Any CPU.Build.0 = Debug|Any CPU
		{CEE8CF00-8C74-41A6-BD3C-19519FEF9C83}.Release|Any CPU.ActiveCfg = Release|Any CPU
		{CEE8CF00-8C74-41A6-BD3C-19519FEF9C83}.Release|Any CPU.Build.0 = Release|Any CPU
		{BAA0649F-9289-473B-8C0E-38885784C297}.Debug|Any CPU.ActiveCfg = Debug|Any CPU
		{BAA0649F-9289-473B-8C0E-38885784C297}.Debug|Any CPU.Build.0 = Debug|Any CPU
		{BAA0649F-9289-473B-8C0E-38885784C297}.Release|Any CPU.ActiveCfg = Release|Any CPU
		{BAA0649F-9289-473B-8C0E-38885784C297}.Release|Any CPU.Build.0 = Release|Any CPU
		{E5D5774D-DC37-40E7-8479-F621ABDAA7A4}.Debug|Any CPU.ActiveCfg = Debug|Any CPU
		{E5D5774D-DC37-40E7-8479-F621ABDAA7A4}.Debug|Any CPU.Build.0 = Debug|Any CPU
		{E5D5774D-DC37-40E7-8479-F621ABDAA7A4}.Release|Any CPU.ActiveCfg = Release|Any CPU
		{E5D5774D-DC37-40E7-8479-F621ABDAA7A4}.Release|Any CPU.Build.0 = Release|Any CPU
		{B366FE62-C0DE-46B0-8B52-54F3DE3DF243}.Debug|Any CPU.ActiveCfg = Debug|Any CPU
		{B366FE62-C0DE-46B0-8B52-54F3DE3DF243}.Debug|Any CPU.Build.0 = Debug|Any CPU
		{B366FE62-C0DE-46B0-8B52-54F3DE3DF243}.Release|Any CPU.ActiveCfg = Release|Any CPU
		{B366FE62-C0DE-46B0-8B52-54F3DE3DF243}.Release|Any CPU.Build.0 = Release|Any CPU
		{14E0E793-D127-4043-8DBC-373C29BA2A2E}.Debug|Any CPU.ActiveCfg = Debug|Any CPU
		{14E0E793-D127-4043-8DBC-373C29BA2A2E}.Debug|Any CPU.Build.0 = Debug|Any CPU
		{14E0E793-D127-4043-8DBC-373C29BA2A2E}.Release|Any CPU.ActiveCfg = Release|Any CPU
		{14E0E793-D127-4043-8DBC-373C29BA2A2E}.Release|Any CPU.Build.0 = Release|Any CPU
		{990C06EA-0758-42E6-A0AF-E7D09F25593C}.Debug|Any CPU.ActiveCfg = Debug|Any CPU
		{990C06EA-0758-42E6-A0AF-E7D09F25593C}.Debug|Any CPU.Build.0 = Debug|Any CPU
		{990C06EA-0758-42E6-A0AF-E7D09F25593C}.Release|Any CPU.ActiveCfg = Release|Any CPU
		{990C06EA-0758-42E6-A0AF-E7D09F25593C}.Release|Any CPU.Build.0 = Release|Any CPU
		{8AAD53BD-65B8-4EE2-A3A0-9279CFE1B55C}.Debug|Any CPU.ActiveCfg = Debug|Any CPU
		{8AAD53BD-65B8-4EE2-A3A0-9279CFE1B55C}.Debug|Any CPU.Build.0 = Debug|Any CPU
		{8AAD53BD-65B8-4EE2-A3A0-9279CFE1B55C}.Release|Any CPU.ActiveCfg = Release|Any CPU
		{8AAD53BD-65B8-4EE2-A3A0-9279CFE1B55C}.Release|Any CPU.Build.0 = Release|Any CPU
		{F265770F-FFA9-4E1E-A35A-DD67E48C4C58}.Debug|Any CPU.ActiveCfg = Debug|Any CPU
		{F265770F-FFA9-4E1E-A35A-DD67E48C4C58}.Debug|Any CPU.Build.0 = Debug|Any CPU
		{F265770F-FFA9-4E1E-A35A-DD67E48C4C58}.Release|Any CPU.ActiveCfg = Release|Any CPU
		{F265770F-FFA9-4E1E-A35A-DD67E48C4C58}.Release|Any CPU.Build.0 = Release|Any CPU
		{11D437BB-3FFA-4592-B6D4-98D025DC3979}.Debug|Any CPU.ActiveCfg = Debug|Any CPU
		{11D437BB-3FFA-4592-B6D4-98D025DC3979}.Debug|Any CPU.Build.0 = Debug|Any CPU
		{11D437BB-3FFA-4592-B6D4-98D025DC3979}.Release|Any CPU.ActiveCfg = Release|Any CPU
		{11D437BB-3FFA-4592-B6D4-98D025DC3979}.Release|Any CPU.Build.0 = Release|Any CPU
		{43754923-EFEC-45FF-977A-82DD4C96E175}.Debug|Any CPU.ActiveCfg = Debug|Any CPU
		{43754923-EFEC-45FF-977A-82DD4C96E175}.Debug|Any CPU.Build.0 = Debug|Any CPU
		{43754923-EFEC-45FF-977A-82DD4C96E175}.Release|Any CPU.ActiveCfg = Release|Any CPU
		{43754923-EFEC-45FF-977A-82DD4C96E175}.Release|Any CPU.Build.0 = Release|Any CPU
		{04EE7A10-C1B4-4922-8600-09A79B3128FD}.Debug|Any CPU.ActiveCfg = Debug|Any CPU
		{04EE7A10-C1B4-4922-8600-09A79B3128FD}.Debug|Any CPU.Build.0 = Debug|Any CPU
		{04EE7A10-C1B4-4922-8600-09A79B3128FD}.Release|Any CPU.ActiveCfg = Release|Any CPU
		{04EE7A10-C1B4-4922-8600-09A79B3128FD}.Release|Any CPU.Build.0 = Release|Any CPU
		{1C9B22FE-9347-4EB1-97A7-5C145DEBD15B}.Debug|Any CPU.ActiveCfg = Debug|Any CPU
		{1C9B22FE-9347-4EB1-97A7-5C145DEBD15B}.Debug|Any CPU.Build.0 = Debug|Any CPU
		{1C9B22FE-9347-4EB1-97A7-5C145DEBD15B}.Release|Any CPU.ActiveCfg = Release|Any CPU
		{1C9B22FE-9347-4EB1-97A7-5C145DEBD15B}.Release|Any CPU.Build.0 = Release|Any CPU
		{89A3EDC4-6BE6-44D1-A185-37BDA94BAE33}.Debug|Any CPU.ActiveCfg = Debug|Any CPU
		{89A3EDC4-6BE6-44D1-A185-37BDA94BAE33}.Debug|Any CPU.Build.0 = Debug|Any CPU
		{89A3EDC4-6BE6-44D1-A185-37BDA94BAE33}.Release|Any CPU.ActiveCfg = Release|Any CPU
		{89A3EDC4-6BE6-44D1-A185-37BDA94BAE33}.Release|Any CPU.Build.0 = Release|Any CPU
		{CC7E482B-8B10-4283-8233-4647C7B7475F}.Debug|Any CPU.ActiveCfg = Debug|Any CPU
		{CC7E482B-8B10-4283-8233-4647C7B7475F}.Debug|Any CPU.Build.0 = Debug|Any CPU
		{CC7E482B-8B10-4283-8233-4647C7B7475F}.Release|Any CPU.ActiveCfg = Release|Any CPU
		{CC7E482B-8B10-4283-8233-4647C7B7475F}.Release|Any CPU.Build.0 = Release|Any CPU
		{C13B5F3F-3933-4EF6-BF6E-F9F42DC8C5D0}.Debug|Any CPU.ActiveCfg = Debug|Any CPU
		{C13B5F3F-3933-4EF6-BF6E-F9F42DC8C5D0}.Debug|Any CPU.Build.0 = Debug|Any CPU
		{C13B5F3F-3933-4EF6-BF6E-F9F42DC8C5D0}.Release|Any CPU.ActiveCfg = Release|Any CPU
		{C13B5F3F-3933-4EF6-BF6E-F9F42DC8C5D0}.Release|Any CPU.Build.0 = Release|Any CPU
		{D3DC7752-6BDB-429A-A984-0D62B1D630CF}.Debug|Any CPU.ActiveCfg = Debug|Any CPU
		{D3DC7752-6BDB-429A-A984-0D62B1D630CF}.Debug|Any CPU.Build.0 = Debug|Any CPU
		{D3DC7752-6BDB-429A-A984-0D62B1D630CF}.Release|Any CPU.ActiveCfg = Release|Any CPU
		{D3DC7752-6BDB-429A-A984-0D62B1D630CF}.Release|Any CPU.Build.0 = Release|Any CPU
		{8488EB89-8C1C-4C84-9DA6-DBAFF26FA599}.Debug|Any CPU.ActiveCfg = Debug|Any CPU
		{8488EB89-8C1C-4C84-9DA6-DBAFF26FA599}.Debug|Any CPU.Build.0 = Debug|Any CPU
		{8488EB89-8C1C-4C84-9DA6-DBAFF26FA599}.Release|Any CPU.ActiveCfg = Release|Any CPU
		{8488EB89-8C1C-4C84-9DA6-DBAFF26FA599}.Release|Any CPU.Build.0 = Release|Any CPU
		{24493C64-8396-42CD-AEF0-931B95419440}.Debug|Any CPU.ActiveCfg = Debug|Any CPU
		{24493C64-8396-42CD-AEF0-931B95419440}.Debug|Any CPU.Build.0 = Debug|Any CPU
		{24493C64-8396-42CD-AEF0-931B95419440}.Release|Any CPU.ActiveCfg = Release|Any CPU
		{24493C64-8396-42CD-AEF0-931B95419440}.Release|Any CPU.Build.0 = Release|Any CPU
		{7CA185B5-FED5-4E45-BBC3-FAF88CA4930E}.Debug|Any CPU.ActiveCfg = Debug|Any CPU
		{7CA185B5-FED5-4E45-BBC3-FAF88CA4930E}.Debug|Any CPU.Build.0 = Debug|Any CPU
		{7CA185B5-FED5-4E45-BBC3-FAF88CA4930E}.Release|Any CPU.ActiveCfg = Release|Any CPU
		{7CA185B5-FED5-4E45-BBC3-FAF88CA4930E}.Release|Any CPU.Build.0 = Release|Any CPU
		{D97111E8-643E-4CD5-A17C-F504220F7836}.Debug|Any CPU.ActiveCfg = Debug|Any CPU
		{D97111E8-643E-4CD5-A17C-F504220F7836}.Debug|Any CPU.Build.0 = Debug|Any CPU
		{D97111E8-643E-4CD5-A17C-F504220F7836}.Release|Any CPU.ActiveCfg = Release|Any CPU
		{D97111E8-643E-4CD5-A17C-F504220F7836}.Release|Any CPU.Build.0 = Release|Any CPU
		{25E51646-972F-401F-B695-AF62B0941986}.Debug|Any CPU.ActiveCfg = Debug|Any CPU
		{25E51646-972F-401F-B695-AF62B0941986}.Debug|Any CPU.Build.0 = Debug|Any CPU
		{25E51646-972F-401F-B695-AF62B0941986}.Release|Any CPU.ActiveCfg = Release|Any CPU
		{25E51646-972F-401F-B695-AF62B0941986}.Release|Any CPU.Build.0 = Release|Any CPU
		{84757846-4365-4077-8419-C6A98FCB48A1}.Debug|Any CPU.ActiveCfg = Debug|Any CPU
		{84757846-4365-4077-8419-C6A98FCB48A1}.Debug|Any CPU.Build.0 = Debug|Any CPU
		{84757846-4365-4077-8419-C6A98FCB48A1}.Release|Any CPU.ActiveCfg = Release|Any CPU
		{84757846-4365-4077-8419-C6A98FCB48A1}.Release|Any CPU.Build.0 = Release|Any CPU
		{0022DE6F-3F4B-43C8-8406-6074BE7AB021}.Debug|Any CPU.ActiveCfg = Debug|Any CPU
		{0022DE6F-3F4B-43C8-8406-6074BE7AB021}.Debug|Any CPU.Build.0 = Debug|Any CPU
		{0022DE6F-3F4B-43C8-8406-6074BE7AB021}.Release|Any CPU.ActiveCfg = Release|Any CPU
		{0022DE6F-3F4B-43C8-8406-6074BE7AB021}.Release|Any CPU.Build.0 = Release|Any CPU
		{604C88F1-8D11-4908-AC2F-DB5E53299754}.Debug|Any CPU.ActiveCfg = Debug|Any CPU
		{604C88F1-8D11-4908-AC2F-DB5E53299754}.Debug|Any CPU.Build.0 = Debug|Any CPU
		{604C88F1-8D11-4908-AC2F-DB5E53299754}.Release|Any CPU.ActiveCfg = Release|Any CPU
		{604C88F1-8D11-4908-AC2F-DB5E53299754}.Release|Any CPU.Build.0 = Release|Any CPU
		{75E08308-9717-41F9-A22E-8C9C97278B01}.Debug|Any CPU.ActiveCfg = Debug|Any CPU
		{75E08308-9717-41F9-A22E-8C9C97278B01}.Debug|Any CPU.Build.0 = Debug|Any CPU
		{75E08308-9717-41F9-A22E-8C9C97278B01}.Release|Any CPU.ActiveCfg = Release|Any CPU
		{75E08308-9717-41F9-A22E-8C9C97278B01}.Release|Any CPU.Build.0 = Release|Any CPU
		{3A99D41F-7361-4107-8383-916CE0257712}.Debug|Any CPU.ActiveCfg = Debug|Any CPU
		{3A99D41F-7361-4107-8383-916CE0257712}.Debug|Any CPU.Build.0 = Debug|Any CPU
		{3A99D41F-7361-4107-8383-916CE0257712}.Release|Any CPU.ActiveCfg = Release|Any CPU
		{3A99D41F-7361-4107-8383-916CE0257712}.Release|Any CPU.Build.0 = Release|Any CPU
		{10193D26-9A2A-4B79-A097-0A1FB7E11C63}.Debug|Any CPU.ActiveCfg = Debug|Any CPU
		{10193D26-9A2A-4B79-A097-0A1FB7E11C63}.Debug|Any CPU.Build.0 = Debug|Any CPU
		{10193D26-9A2A-4B79-A097-0A1FB7E11C63}.Release|Any CPU.ActiveCfg = Release|Any CPU
		{10193D26-9A2A-4B79-A097-0A1FB7E11C63}.Release|Any CPU.Build.0 = Release|Any CPU
		{4D9564E5-5406-4293-AFDF-4154E22A8A96}.Debug|Any CPU.ActiveCfg = Debug|Any CPU
		{4D9564E5-5406-4293-AFDF-4154E22A8A96}.Debug|Any CPU.Build.0 = Debug|Any CPU
		{4D9564E5-5406-4293-AFDF-4154E22A8A96}.Release|Any CPU.ActiveCfg = Release|Any CPU
		{4D9564E5-5406-4293-AFDF-4154E22A8A96}.Release|Any CPU.Build.0 = Release|Any CPU
		{AAFF674B-8ADC-4B58-9E5D-DD25868BE941}.Debug|Any CPU.ActiveCfg = Debug|Any CPU
		{AAFF674B-8ADC-4B58-9E5D-DD25868BE941}.Debug|Any CPU.Build.0 = Debug|Any CPU
		{AAFF674B-8ADC-4B58-9E5D-DD25868BE941}.Release|Any CPU.ActiveCfg = Release|Any CPU
		{AAFF674B-8ADC-4B58-9E5D-DD25868BE941}.Release|Any CPU.Build.0 = Release|Any CPU
		{643E0571-C7CD-4CB3-990C-363C79BEF801}.Debug|Any CPU.ActiveCfg = Debug|Any CPU
		{643E0571-C7CD-4CB3-990C-363C79BEF801}.Debug|Any CPU.Build.0 = Debug|Any CPU
		{643E0571-C7CD-4CB3-990C-363C79BEF801}.Release|Any CPU.ActiveCfg = Release|Any CPU
		{643E0571-C7CD-4CB3-990C-363C79BEF801}.Release|Any CPU.Build.0 = Release|Any CPU
		{D9E38FA9-1650-467C-A31B-B112CD4D0B5C}.Debug|Any CPU.ActiveCfg = Debug|Any CPU
		{D9E38FA9-1650-467C-A31B-B112CD4D0B5C}.Debug|Any CPU.Build.0 = Debug|Any CPU
		{D9E38FA9-1650-467C-A31B-B112CD4D0B5C}.Release|Any CPU.ActiveCfg = Release|Any CPU
		{D9E38FA9-1650-467C-A31B-B112CD4D0B5C}.Release|Any CPU.Build.0 = Release|Any CPU
		{631A038D-BEEF-40A1-9EC8-F344A221EFFF}.Debug|Any CPU.ActiveCfg = Debug|Any CPU
		{631A038D-BEEF-40A1-9EC8-F344A221EFFF}.Debug|Any CPU.Build.0 = Debug|Any CPU
		{631A038D-BEEF-40A1-9EC8-F344A221EFFF}.Release|Any CPU.ActiveCfg = Release|Any CPU
		{631A038D-BEEF-40A1-9EC8-F344A221EFFF}.Release|Any CPU.Build.0 = Release|Any CPU
		{0945E301-3E0F-4E80-924A-833FC46E2DB4}.Debug|Any CPU.ActiveCfg = Debug|Any CPU
		{0945E301-3E0F-4E80-924A-833FC46E2DB4}.Debug|Any CPU.Build.0 = Debug|Any CPU
		{0945E301-3E0F-4E80-924A-833FC46E2DB4}.Release|Any CPU.ActiveCfg = Release|Any CPU
		{0945E301-3E0F-4E80-924A-833FC46E2DB4}.Release|Any CPU.Build.0 = Release|Any CPU
		{A0AECCB4-178B-4F0F-BCB6-C77FE4D51456}.Debug|Any CPU.ActiveCfg = Debug|Any CPU
		{A0AECCB4-178B-4F0F-BCB6-C77FE4D51456}.Debug|Any CPU.Build.0 = Debug|Any CPU
		{A0AECCB4-178B-4F0F-BCB6-C77FE4D51456}.Release|Any CPU.ActiveCfg = Release|Any CPU
		{A0AECCB4-178B-4F0F-BCB6-C77FE4D51456}.Release|Any CPU.Build.0 = Release|Any CPU
		{3C33AE4B-D7D8-406C-AF12-793DD0CCAD6F}.Debug|Any CPU.ActiveCfg = Debug|Any CPU
		{3C33AE4B-D7D8-406C-AF12-793DD0CCAD6F}.Debug|Any CPU.Build.0 = Debug|Any CPU
		{3C33AE4B-D7D8-406C-AF12-793DD0CCAD6F}.Release|Any CPU.ActiveCfg = Release|Any CPU
		{3C33AE4B-D7D8-406C-AF12-793DD0CCAD6F}.Release|Any CPU.Build.0 = Release|Any CPU
		{35B15306-0D84-4FCF-B3B8-5F5DF10DDE45}.Debug|Any CPU.ActiveCfg = Debug|Any CPU
		{35B15306-0D84-4FCF-B3B8-5F5DF10DDE45}.Debug|Any CPU.Build.0 = Debug|Any CPU
		{35B15306-0D84-4FCF-B3B8-5F5DF10DDE45}.Release|Any CPU.ActiveCfg = Release|Any CPU
		{35B15306-0D84-4FCF-B3B8-5F5DF10DDE45}.Release|Any CPU.Build.0 = Release|Any CPU
		{3B88AB04-1BBE-4979-B6E3-E44706DD3ACC}.Debug|Any CPU.ActiveCfg = Debug|Any CPU
		{3B88AB04-1BBE-4979-B6E3-E44706DD3ACC}.Debug|Any CPU.Build.0 = Debug|Any CPU
		{3B88AB04-1BBE-4979-B6E3-E44706DD3ACC}.Release|Any CPU.ActiveCfg = Release|Any CPU
		{3B88AB04-1BBE-4979-B6E3-E44706DD3ACC}.Release|Any CPU.Build.0 = Release|Any CPU
		{BDBBBECC-73B4-49CF-9CFB-B1E82E7A215A}.Debug|Any CPU.ActiveCfg = Debug|Any CPU
		{BDBBBECC-73B4-49CF-9CFB-B1E82E7A215A}.Debug|Any CPU.Build.0 = Debug|Any CPU
		{BDBBBECC-73B4-49CF-9CFB-B1E82E7A215A}.Release|Any CPU.ActiveCfg = Release|Any CPU
		{BDBBBECC-73B4-49CF-9CFB-B1E82E7A215A}.Release|Any CPU.Build.0 = Release|Any CPU
		{0710C052-59D4-450A-B135-475EC1753BBB}.Debug|Any CPU.ActiveCfg = Debug|Any CPU
		{0710C052-59D4-450A-B135-475EC1753BBB}.Debug|Any CPU.Build.0 = Debug|Any CPU
		{0710C052-59D4-450A-B135-475EC1753BBB}.Release|Any CPU.ActiveCfg = Release|Any CPU
		{0710C052-59D4-450A-B135-475EC1753BBB}.Release|Any CPU.Build.0 = Release|Any CPU
	EndGlobalSection
	GlobalSection(SolutionProperties) = preSolution
		HideSolutionNode = FALSE
	EndGlobalSection
	GlobalSection(ExtensibilityGlobals) = postSolution
		SolutionGuid = {C5F3A226-5FE2-44AC-9E5F-E3E46CDC2721}
	EndGlobalSection
EndGlobal
